
Microsoft Visual Studio Solution File, Format Version 12.00
# Visual Studio Version 16
VisualStudioVersion = 16.0.30011.22
MinimumVisualStudioVersion = 10.0.40219.1
Project("{FAE04EC0-301F-11D3-BF4B-00C04F79EFBC}") = "ContainerVervoer", "ContainerVervoer\ContainerVervoer.csproj", "{68DF0D06-1FBD-405E-B97B-E3E65BF8F897}"
EndProject
Project("{FAE04EC0-301F-11D3-BF4B-00C04F79EFBC}") = "ContainerVervoer.Tests", "ContainerVervoer.Tests\ContainerVervoer.Tests.csproj", "{F56EFB90-705E-4FA2-9C12-1EA347D829BC}"
	ProjectSection(ProjectDependencies) = postProject
		{68DF0D06-1FBD-405E-B97B-E3E65BF8F897} = {68DF0D06-1FBD-405E-B97B-E3E65BF8F897}
	EndProjectSection
EndProject
Global
	GlobalSection(SolutionConfigurationPlatforms) = preSolution
		Debug|Any CPU = Debug|Any CPU
		Release|Any CPU = Release|Any CPU
	EndGlobalSection
	GlobalSection(ProjectConfigurationPlatforms) = postSolution
		{68DF0D06-1FBD-405E-B97B-E3E65BF8F897}.Debug|Any CPU.ActiveCfg = Debug|Any CPU
		{68DF0D06-1FBD-405E-B97B-E3E65BF8F897}.Debug|Any CPU.Build.0 = Debug|Any CPU
		{68DF0D06-1FBD-405E-B97B-E3E65BF8F897}.Release|Any CPU.ActiveCfg = Release|Any CPU
		{68DF0D06-1FBD-405E-B97B-E3E65BF8F897}.Release|Any CPU.Build.0 = Release|Any CPU
		{F56EFB90-705E-4FA2-9C12-1EA347D829BC}.Debug|Any CPU.ActiveCfg = Debug|Any CPU
		{F56EFB90-705E-4FA2-9C12-1EA347D829BC}.Debug|Any CPU.Build.0 = Debug|Any CPU
		{F56EFB90-705E-4FA2-9C12-1EA347D829BC}.Release|Any CPU.ActiveCfg = Release|Any CPU
		{F56EFB90-705E-4FA2-9C12-1EA347D829BC}.Release|Any CPU.Build.0 = Release|Any CPU
	EndGlobalSection
	GlobalSection(SolutionProperties) = preSolution
		HideSolutionNode = FALSE
	EndGlobalSection
	GlobalSection(ExtensibilityGlobals) = postSolution
		SolutionGuid = {58C01251-456E-41B2-9B12-E91E926DA058}
	EndGlobalSection
EndGlobal
